
Microsoft Visual Studio Solution File, Format Version 12.00
# Visual Studio Version 16
VisualStudioVersion = 16.0.30413.136
MinimumVisualStudioVersion = 10.0.40219.1
Project("{FAE04EC0-301F-11D3-BF4B-00C04F79EFBC}") = "Arrays", "Arrays.csproj", "{44EBF70A-D616-42DB-875B-4079EDFD96F6}"
EndProject
Global
	GlobalSection(SolutionConfigurationPlatforms) = preSolution
		Debug|Any CPU = Debug|Any CPU
		Release|Any CPU = Release|Any CPU
	EndGlobalSection
	GlobalSection(ProjectConfigurationPlatforms) = postSolution
		{44EBF70A-D616-42DB-875B-4079EDFD96F6}.Debug|Any CPU.ActiveCfg = Debug|Any CPU
		{44EBF70A-D616-42DB-875B-4079EDFD96F6}.Debug|Any CPU.Build.0 = Debug|Any CPU
		{44EBF70A-D616-42DB-875B-4079EDFD96F6}.Release|Any CPU.ActiveCfg = Release|Any CPU
		{44EBF70A-D616-42DB-875B-4079EDFD96F6}.Release|Any CPU.Build.0 = Release|Any CPU
	EndGlobalSection
	GlobalSection(SolutionProperties) = preSolution
		HideSolutionNode = FALSE
	EndGlobalSection
	GlobalSection(ExtensibilityGlobals) = postSolution
		SolutionGuid = {838F60A8-53BC-4D0A-8370-8F575A12828E}
	EndGlobalSection
EndGlobal
